
Microsoft Visual Studio Solution File, Format Version 12.00
# Visual Studio Version 16
VisualStudioVersion = 16.0.30907.101
MinimumVisualStudioVersion = 10.0.40219.1
Project("{FAE04EC0-301F-11D3-BF4B-00C04F79EFBC}") = "ClassMetotDemo", "ClassMetotDemo\ClassMetotDemo.csproj", "{3343B614-4AFB-462C-9DEF-E03E9C36F7B5}"
EndProject
Global
	GlobalSection(SolutionConfigurationPlatforms) = preSolution
		Debug|Any CPU = Debug|Any CPU
		Release|Any CPU = Release|Any CPU
	EndGlobalSection
	GlobalSection(ProjectConfigurationPlatforms) = postSolution
		{3343B614-4AFB-462C-9DEF-E03E9C36F7B5}.Debug|Any CPU.ActiveCfg = Debug|Any CPU
		{3343B614-4AFB-462C-9DEF-E03E9C36F7B5}.Debug|Any CPU.Build.0 = Debug|Any CPU
		{3343B614-4AFB-462C-9DEF-E03E9C36F7B5}.Release|Any CPU.ActiveCfg = Release|Any CPU
		{3343B614-4AFB-462C-9DEF-E03E9C36F7B5}.Release|Any CPU.Build.0 = Release|Any CPU
	EndGlobalSection
	GlobalSection(SolutionProperties) = preSolution
		HideSolutionNode = FALSE
	EndGlobalSection
	GlobalSection(ExtensibilityGlobals) = postSolution
		SolutionGuid = {012EDA7A-4FB9-4D4F-9DB4-AB41826D04DB}
	EndGlobalSection
EndGlobal
